
Microsoft Visual Studio Solution File, Format Version 12.00
# Visual Studio Version 17
VisualStudioVersion = 17.10.35027.167
MinimumVisualStudioVersion = 10.0.40219.1
Project("{FAE04EC0-301F-11D3-BF4B-00C04F79EFBC}") = "binary searsh", "binary searsh.csproj", "{D2227514-4E90-47AD-9726-EE0949D11284}"
EndProject
Global
	GlobalSection(SolutionConfigurationPlatforms) = preSolution
		Debug|Any CPU = Debug|Any CPU
		Release|Any CPU = Release|Any CPU
	EndGlobalSection
	GlobalSection(ProjectConfigurationPlatforms) = postSolution
		{D2227514-4E90-47AD-9726-EE0949D11284}.Debug|Any CPU.ActiveCfg = Debug|Any CPU
		{D2227514-4E90-47AD-9726-EE0949D11284}.Debug|Any CPU.Build.0 = Debug|Any CPU
		{D2227514-4E90-47AD-9726-EE0949D11284}.Release|Any CPU.ActiveCfg = Release|Any CPU
		{D2227514-4E90-47AD-9726-EE0949D11284}.Release|Any CPU.Build.0 = Release|Any CPU
	EndGlobalSection
	GlobalSection(SolutionProperties) = preSolution
		HideSolutionNode = FALSE
	EndGlobalSection
	GlobalSection(ExtensibilityGlobals) = postSolution
		SolutionGuid = {FC09CA19-691C-4961-81D6-828F10B53643}
	EndGlobalSection
EndGlobal
